{
  "name": "django-admin-sortable2",
  "requires": true,
  "lockfileVersion": 1,
  "dependencies": {
    "@types/sortablejs": {
      "version": "1.13.0",
      "resolved": "https://registry.npmjs.org/@types/sortablejs/-/sortablejs-1.13.0.tgz",
      "integrity": "sha512-C3064MH72iEfeGCYEGCt7FCxXoAXaMPG0QPnstcxvPmbl54erpISu06d++FY37Smja64iWy5L8wOyHHBghWbJQ==",
      "dev": true
    },
    "esbuild": {
      "version": "0.11.23",
      "resolved": "https://registry.npmjs.org/esbuild/-/esbuild-0.11.23.tgz",
      "integrity": "sha512-iaiZZ9vUF5wJV8ob1tl+5aJTrwDczlvGP0JoMmnpC2B0ppiMCu8n8gmy5ZTGl5bcG081XBVn+U+jP+mPFm5T5Q==",
      "dev": true
    },
    "playwright": {
      "version": "1.22.2",
      "resolved": "https://registry.npmjs.org/playwright/-/playwright-1.22.2.tgz",
      "integrity": "sha512-hUTpg7LytIl3/O4t0AQJS1V6hWsaSY5uZ7w1oCC8r3a1AQN5d6otIdCkiB3cbzgQkcMaRxisinjMFMVqZkybdQ==",
      "dev": true,
      "requires": {
        "playwright-core": "1.22.2"
      },
      "dependencies": {
        "playwright-core": {
          "version": "1.22.2",
          "resolved": "https://registry.npmjs.org/playwright-core/-/playwright-core-1.22.2.tgz",
          "integrity": "sha512-w/hc/Ld0RM4pmsNeE6aL/fPNWw8BWit2tg+TfqJ3+p59c6s3B6C8mXvXrIPmfQEobkcFDc+4KirNzOQ+uBSP1Q==",
          "dev": true
        }
      }
    },
    "sortablejs": {
      "version": "1.15.0",
      "resolved": "https://registry.npmjs.org/sortablejs/-/sortablejs-1.15.0.tgz",
      "integrity": "sha512-bv9qgVMjUMf89wAvM6AxVvS/4MX3sPeN0+agqShejLU5z5GX4C75ow1O2e5k4L6XItUyAK3gH6AxSbXrOM5e8w==",
      "dev": true
    },
    "tslib": {
      "version": "2.4.0",
      "resolved": "https://registry.npmjs.org/tslib/-/tslib-2.4.0.tgz",
      "integrity": "sha512-d6xOpEDfsi2CZVlPQzGeux8XMwLT9hssAsaPYExaQMuYskwb+x1x7J371tWlbBdWHroy99KnVB6qIkUbs5X3UQ==",
      "dev": true
    },
    "typescript": {
      "version": "4.7.4",
      "resolved": "https://registry.npmjs.org/typescript/-/typescript-4.7.4.tgz",
      "integrity": "sha512-C0WQT0gezHuw6AdY1M2jxUO83Rjf0HP7Sk1DtXj6j1EwkQNZrHAg2XPWlq62oqEhYvONq5pkC2Y9oPljWToLmQ==",
      "dev": true
    },
    "uglify-js": {
      "version": "3.16.1",
      "resolved": "https://registry.npmjs.org/uglify-js/-/uglify-js-3.16.1.tgz",
      "integrity": "sha512-X5BGTIDH8U6IQ1TIRP62YC36k+ULAa1d59BxlWvPUJ1NkW5L3FwcGfEzuVvGmhJFBu0YJ5Ge25tmRISqCmLiRQ==",
      "dev": true
    }
  }
}
